
Microsoft Visual Studio Solution File, Format Version 12.00
# Visual Studio Version 16
VisualStudioVersion = 16.0.29025.244
MinimumVisualStudioVersion = 10.0.40219.1
Project("{FAE04EC0-301F-11D3-BF4B-00C04F79EFBC}") = "TreeDataGrid", "TreeDataGrid\TreeDataGrid.csproj", "{89AF5A1B-0B9F-4EE4-826A-926CC380709D}"
EndProject
Project("{FAE04EC0-301F-11D3-BF4B-00C04F79EFBC}") = "TreeListView", "TreeListView\TreeListView.csproj", "{C985E76B-EF70-482F-8D53-24A1AE8CD5A7}"
EndProject
Global
	GlobalSection(SolutionConfigurationPlatforms) = preSolution
		Debug|Any CPU = Debug|Any CPU
		Release|Any CPU = Release|Any CPU
	EndGlobalSection
	GlobalSection(ProjectConfigurationPlatforms) = postSolution
		{89AF5A1B-0B9F-4EE4-826A-926CC380709D}.Debug|Any CPU.ActiveCfg = Debug|Any CPU
		{89AF5A1B-0B9F-4EE4-826A-926CC380709D}.Debug|Any CPU.Build.0 = Debug|Any CPU
		{89AF5A1B-0B9F-4EE4-826A-926CC380709D}.Release|Any CPU.ActiveCfg = Release|Any CPU
		{89AF5A1B-0B9F-4EE4-826A-926CC380709D}.Release|Any CPU.Build.0 = Release|Any CPU
		{C985E76B-EF70-482F-8D53-24A1AE8CD5A7}.Debug|Any CPU.ActiveCfg = Debug|Any CPU
		{C985E76B-EF70-482F-8D53-24A1AE8CD5A7}.Debug|Any CPU.Build.0 = Debug|Any CPU
		{C985E76B-EF70-482F-8D53-24A1AE8CD5A7}.Release|Any CPU.ActiveCfg = Release|Any CPU
		{C985E76B-EF70-482F-8D53-24A1AE8CD5A7}.Release|Any CPU.Build.0 = Release|Any CPU
	EndGlobalSection
	GlobalSection(SolutionProperties) = preSolution
		HideSolutionNode = FALSE
	EndGlobalSection
	GlobalSection(ExtensibilityGlobals) = postSolution
		SolutionGuid = {BE35E553-6F51-4F9D-82EA-3767E8C43A56}
	EndGlobalSection
EndGlobal
